
Microsoft Visual Studio Solution File, Format Version 12.00
# Visual Studio Version 16
VisualStudioVersion = 16.0.30225.117
MinimumVisualStudioVersion = 10.0.40219.1
Project("{FAE04EC0-301F-11D3-BF4B-00C04F79EFBC}") = "GuiCalculator", "GuiCalculator\GuiCalculator.csproj", "{37612585-9BFC-4E08-B15D-6AB654805398}"
EndProject
Global
	GlobalSection(SolutionConfigurationPlatforms) = preSolution
		Debug|Any CPU = Debug|Any CPU
		Release|Any CPU = Release|Any CPU
	EndGlobalSection
	GlobalSection(ProjectConfigurationPlatforms) = postSolution
		{37612585-9BFC-4E08-B15D-6AB654805398}.Debug|Any CPU.ActiveCfg = Debug|Any CPU
		{37612585-9BFC-4E08-B15D-6AB654805398}.Debug|Any CPU.Build.0 = Debug|Any CPU
		{37612585-9BFC-4E08-B15D-6AB654805398}.Release|Any CPU.ActiveCfg = Release|Any CPU
		{37612585-9BFC-4E08-B15D-6AB654805398}.Release|Any CPU.Build.0 = Release|Any CPU
	EndGlobalSection
	GlobalSection(SolutionProperties) = preSolution
		HideSolutionNode = FALSE
	EndGlobalSection
	GlobalSection(ExtensibilityGlobals) = postSolution
		SolutionGuid = {A137F4BC-0397-4EEB-938E-3E4D74C1EAD3}
	EndGlobalSection
EndGlobal
